
Microsoft Visual Studio Solution File, Format Version 12.00
# Visual Studio 2015
Project("{FAE04EC0-301F-11D3-BF4B-00C04F79EFBC}") = "Ludumdare.CSharp", "Ludumdare.CSharp.csproj", "{B9D4D97F-7EE3-2965-56FC-F92BA4429663}"
EndProject
Project("{FAE04EC0-301F-11D3-BF4B-00C04F79EFBC}") = "Ludumdare.CSharp.Editor", "Ludumdare.CSharp.Editor.csproj", "{3149F7F2-AE9B-6DA5-5736-4B20595F2BDC}"
EndProject
Global
	GlobalSection(SolutionConfigurationPlatforms) = preSolution
		Debug|Any CPU = Debug|Any CPU
		Release|Any CPU = Release|Any CPU
	EndGlobalSection
	GlobalSection(ProjectConfigurationPlatforms) = postSolution
		{B9D4D97F-7EE3-2965-56FC-F92BA4429663}.Debug|Any CPU.ActiveCfg = Debug|Any CPU
		{B9D4D97F-7EE3-2965-56FC-F92BA4429663}.Debug|Any CPU.Build.0 = Debug|Any CPU
		{B9D4D97F-7EE3-2965-56FC-F92BA4429663}.Release|Any CPU.ActiveCfg = Release|Any CPU
		{B9D4D97F-7EE3-2965-56FC-F92BA4429663}.Release|Any CPU.Build.0 = Release|Any CPU
		{3149F7F2-AE9B-6DA5-5736-4B20595F2BDC}.Debug|Any CPU.ActiveCfg = Debug|Any CPU
		{3149F7F2-AE9B-6DA5-5736-4B20595F2BDC}.Debug|Any CPU.Build.0 = Debug|Any CPU
		{3149F7F2-AE9B-6DA5-5736-4B20595F2BDC}.Release|Any CPU.ActiveCfg = Release|Any CPU
		{3149F7F2-AE9B-6DA5-5736-4B20595F2BDC}.Release|Any CPU.Build.0 = Release|Any CPU
	EndGlobalSection
	GlobalSection(SolutionProperties) = preSolution
		HideSolutionNode = FALSE
	EndGlobalSection
EndGlobal
